
Microsoft Visual Studio Solution File, Format Version 12.00
# Visual Studio Version 17
VisualStudioVersion = 17.6.33815.320
MinimumVisualStudioVersion = 10.0.40219.1
Project("{FAE04EC0-301F-11D3-BF4B-00C04F79EFBC}") = "Client", "Client.csproj", "{BCFD6C3B-566A-405C-A479-D8B767EF1B22}"
EndProject
Global
	GlobalSection(SolutionConfigurationPlatforms) = preSolution
		Debug|Any CPU = Debug|Any CPU
		Release|Any CPU = Release|Any CPU
	EndGlobalSection
	GlobalSection(ProjectConfigurationPlatforms) = postSolution
		{BCFD6C3B-566A-405C-A479-D8B767EF1B22}.Debug|Any CPU.ActiveCfg = Debug|Any CPU
		{BCFD6C3B-566A-405C-A479-D8B767EF1B22}.Debug|Any CPU.Build.0 = Debug|Any CPU
		{BCFD6C3B-566A-405C-A479-D8B767EF1B22}.Release|Any CPU.ActiveCfg = Release|Any CPU
		{BCFD6C3B-566A-405C-A479-D8B767EF1B22}.Release|Any CPU.Build.0 = Release|Any CPU
	EndGlobalSection
	GlobalSection(SolutionProperties) = preSolution
		HideSolutionNode = FALSE
	EndGlobalSection
	GlobalSection(ExtensibilityGlobals) = postSolution
		SolutionGuid = {D53FD099-03E4-432E-B4C5-EB796186136A}
	EndGlobalSection
EndGlobal
